
Microsoft Visual Studio Solution File, Format Version 12.00
# Visual Studio 15
VisualStudioVersion = 15.0.26124.0
MinimumVisualStudioVersion = 15.0.26124.0
Project("{2150E333-8FDC-42A3-9474-1A3956D46DE8}") = "src", "src", "{D71D1AD3-693C-4013-B862-B9685A8479CF}"
EndProject
Project("{FAE04EC0-301F-11D3-BF4B-00C04F79EFBC}") = "GradeBook", "src\GradeBook\GradeBook.csproj", "{A80AF7E3-36E6-4343-BE23-B816276431EA}"
EndProject
Project("{2150E333-8FDC-42A3-9474-1A3956D46DE8}") = "test", "test", "{B4894A38-EE25-49FB-BB11-4024EAB5D763}"
EndProject
Project("{FAE04EC0-301F-11D3-BF4B-00C04F79EFBC}") = "GradeBook.Tests", "test\GradeBook.Tests\GradeBook.Tests.csproj", "{617AE68D-E750-452D-8609-1576E3CE5F17}"
EndProject
Global
	GlobalSection(SolutionConfigurationPlatforms) = preSolution
		Debug|Any CPU = Debug|Any CPU
		Debug|x64 = Debug|x64
		Debug|x86 = Debug|x86
		Release|Any CPU = Release|Any CPU
		Release|x64 = Release|x64
		Release|x86 = Release|x86
	EndGlobalSection
	GlobalSection(SolutionProperties) = preSolution
		HideSolutionNode = FALSE
	EndGlobalSection
	GlobalSection(ProjectConfigurationPlatforms) = postSolution
		{A80AF7E3-36E6-4343-BE23-B816276431EA}.Debug|Any CPU.ActiveCfg = Debug|Any CPU
		{A80AF7E3-36E6-4343-BE23-B816276431EA}.Debug|Any CPU.Build.0 = Debug|Any CPU
		{A80AF7E3-36E6-4343-BE23-B816276431EA}.Debug|x64.ActiveCfg = Debug|Any CPU
		{A80AF7E3-36E6-4343-BE23-B816276431EA}.Debug|x64.Build.0 = Debug|Any CPU
		{A80AF7E3-36E6-4343-BE23-B816276431EA}.Debug|x86.ActiveCfg = Debug|Any CPU
		{A80AF7E3-36E6-4343-BE23-B816276431EA}.Debug|x86.Build.0 = Debug|Any CPU
		{A80AF7E3-36E6-4343-BE23-B816276431EA}.Release|Any CPU.ActiveCfg = Release|Any CPU
		{A80AF7E3-36E6-4343-BE23-B816276431EA}.Release|Any CPU.Build.0 = Release|Any CPU
		{A80AF7E3-36E6-4343-BE23-B816276431EA}.Release|x64.ActiveCfg = Release|Any CPU
		{A80AF7E3-36E6-4343-BE23-B816276431EA}.Release|x64.Build.0 = Release|Any CPU
		{A80AF7E3-36E6-4343-BE23-B816276431EA}.Release|x86.ActiveCfg = Release|Any CPU
		{A80AF7E3-36E6-4343-BE23-B816276431EA}.Release|x86.Build.0 = Release|Any CPU
		{617AE68D-E750-452D-8609-1576E3CE5F17}.Debug|Any CPU.ActiveCfg = Debug|Any CPU
		{617AE68D-E750-452D-8609-1576E3CE5F17}.Debug|Any CPU.Build.0 = Debug|Any CPU
		{617AE68D-E750-452D-8609-1576E3CE5F17}.Debug|x64.ActiveCfg = Debug|Any CPU
		{617AE68D-E750-452D-8609-1576E3CE5F17}.Debug|x64.Build.0 = Debug|Any CPU
		{617AE68D-E750-452D-8609-1576E3CE5F17}.Debug|x86.ActiveCfg = Debug|Any CPU
		{617AE68D-E750-452D-8609-1576E3CE5F17}.Debug|x86.Build.0 = Debug|Any CPU
		{617AE68D-E750-452D-8609-1576E3CE5F17}.Release|Any CPU.ActiveCfg = Release|Any CPU
		{617AE68D-E750-452D-8609-1576E3CE5F17}.Release|Any CPU.Build.0 = Release|Any CPU
		{617AE68D-E750-452D-8609-1576E3CE5F17}.Release|x64.ActiveCfg = Release|Any CPU
		{617AE68D-E750-452D-8609-1576E3CE5F17}.Release|x64.Build.0 = Release|Any CPU
		{617AE68D-E750-452D-8609-1576E3CE5F17}.Release|x86.ActiveCfg = Release|Any CPU
		{617AE68D-E750-452D-8609-1576E3CE5F17}.Release|x86.Build.0 = Release|Any CPU
	EndGlobalSection
	GlobalSection(NestedProjects) = preSolution
		{A80AF7E3-36E6-4343-BE23-B816276431EA} = {D71D1AD3-693C-4013-B862-B9685A8479CF}
		{617AE68D-E750-452D-8609-1576E3CE5F17} = {B4894A38-EE25-49FB-BB11-4024EAB5D763}
	EndGlobalSection
EndGlobal
